
Microsoft Visual Studio Solution File, Format Version 12.00
# Visual Studio Version 16
VisualStudioVersion = 16.0.29926.136
MinimumVisualStudioVersion = 10.0.40219.1
Project("{FAE04EC0-301F-11D3-BF4B-00C04F79EFBC}") = "XamarinWithoutXaml.UWP", "XamarinWithoutXaml\XamarinWithoutXaml.UWP\XamarinWithoutXaml.UWP.csproj", "{D073A044-2A06-4FFC-BFF4-B7F3F11F2F8D}"
EndProject
Project("{FAE04EC0-301F-11D3-BF4B-00C04F79EFBC}") = "XamarinWithoutXaml.Android", "XamarinWithoutXaml\XamarinWithoutXaml.Android\XamarinWithoutXaml.Android.csproj", "{1F6105AC-F5D5-41DA-A0A8-F23BAE776E48}"
EndProject
Project("{FAE04EC0-301F-11D3-BF4B-00C04F79EFBC}") = "XamarinWithoutXaml.iOS", "XamarinWithoutXaml\XamarinWithoutXaml.iOS\XamarinWithoutXaml.iOS.csproj", "{C5FD5579-22DF-4ED8-886B-B3852031F8FD}"
EndProject
Project("{FAE04EC0-301F-11D3-BF4B-00C04F79EFBC}") = "XamarinWithoutXaml", "XamarinWithoutXaml\XamarinWithoutXaml\XamarinWithoutXaml.csproj", "{EF9CD4A8-F316-4763-AA2D-4EEDFFF77DC8}"
EndProject
Global
	GlobalSection(SolutionConfigurationPlatforms) = preSolution
		Debug|Any CPU = Debug|Any CPU
		Debug|ARM = Debug|ARM
		Debug|iPhone = Debug|iPhone
		Debug|iPhoneSimulator = Debug|iPhoneSimulator
		Debug|x64 = Debug|x64
		Debug|x86 = Debug|x86
		Release|Any CPU = Release|Any CPU
		Release|ARM = Release|ARM
		Release|iPhone = Release|iPhone
		Release|iPhoneSimulator = Release|iPhoneSimulator
		Release|x64 = Release|x64
		Release|x86 = Release|x86
	EndGlobalSection
	GlobalSection(ProjectConfigurationPlatforms) = postSolution
		{D073A044-2A06-4FFC-BFF4-B7F3F11F2F8D}.Debug|Any CPU.ActiveCfg = Debug|x86
		{D073A044-2A06-4FFC-BFF4-B7F3F11F2F8D}.Debug|Any CPU.Build.0 = Debug|x86
		{D073A044-2A06-4FFC-BFF4-B7F3F11F2F8D}.Debug|Any CPU.Deploy.0 = Debug|x86
		{D073A044-2A06-4FFC-BFF4-B7F3F11F2F8D}.Debug|ARM.ActiveCfg = Debug|ARM
		{D073A044-2A06-4FFC-BFF4-B7F3F11F2F8D}.Debug|ARM.Build.0 = Debug|ARM
		{D073A044-2A06-4FFC-BFF4-B7F3F11F2F8D}.Debug|ARM.Deploy.0 = Debug|ARM
		{D073A044-2A06-4FFC-BFF4-B7F3F11F2F8D}.Debug|iPhone.ActiveCfg = Debug|x86
		{D073A044-2A06-4FFC-BFF4-B7F3F11F2F8D}.Debug|iPhone.Build.0 = Debug|x86
		{D073A044-2A06-4FFC-BFF4-B7F3F11F2F8D}.Debug|iPhone.Deploy.0 = Debug|x86
		{D073A044-2A06-4FFC-BFF4-B7F3F11F2F8D}.Debug|iPhoneSimulator.ActiveCfg = Debug|x86
		{D073A044-2A06-4FFC-BFF4-B7F3F11F2F8D}.Debug|iPhoneSimulator.Build.0 = Debug|x86
		{D073A044-2A06-4FFC-BFF4-B7F3F11F2F8D}.Debug|iPhoneSimulator.Deploy.0 = Debug|x86
		{D073A044-2A06-4FFC-BFF4-B7F3F11F2F8D}.Debug|x64.ActiveCfg = Debug|x64
		{D073A044-2A06-4FFC-BFF4-B7F3F11F2F8D}.Debug|x64.Build.0 = Debug|x64
		{D073A044-2A06-4FFC-BFF4-B7F3F11F2F8D}.Debug|x64.Deploy.0 = Debug|x64
		{D073A044-2A06-4FFC-BFF4-B7F3F11F2F8D}.Debug|x86.ActiveCfg = Debug|x86
		{D073A044-2A06-4FFC-BFF4-B7F3F11F2F8D}.Debug|x86.Build.0 = Debug|x86
		{D073A044-2A06-4FFC-BFF4-B7F3F11F2F8D}.Debug|x86.Deploy.0 = Debug|x86
		{D073A044-2A06-4FFC-BFF4-B7F3F11F2F8D}.Release|Any CPU.ActiveCfg = Release|x86
		{D073A044-2A06-4FFC-BFF4-B7F3F11F2F8D}.Release|Any CPU.Build.0 = Release|x86
		{D073A044-2A06-4FFC-BFF4-B7F3F11F2F8D}.Release|Any CPU.Deploy.0 = Release|x86
		{D073A044-2A06-4FFC-BFF4-B7F3F11F2F8D}.Release|ARM.ActiveCfg = Release|ARM
		{D073A044-2A06-4FFC-BFF4-B7F3F11F2F8D}.Release|ARM.Build.0 = Release|ARM
		{D073A044-2A06-4FFC-BFF4-B7F3F11F2F8D}.Release|ARM.Deploy.0 = Release|ARM
		{D073A044-2A06-4FFC-BFF4-B7F3F11F2F8D}.Release|iPhone.ActiveCfg = Release|x86
		{D073A044-2A06-4FFC-BFF4-B7F3F11F2F8D}.Release|iPhone.Build.0 = Release|x86
		{D073A044-2A06-4FFC-BFF4-B7F3F11F2F8D}.Release|iPhone.Deploy.0 = Release|x86
		{D073A044-2A06-4FFC-BFF4-B7F3F11F2F8D}.Release|iPhoneSimulator.ActiveCfg = Release|x86
		{D073A044-2A06-4FFC-BFF4-B7F3F11F2F8D}.Release|iPhoneSimulator.Build.0 = Release|x86
		{D073A044-2A06-4FFC-BFF4-B7F3F11F2F8D}.Release|iPhoneSimulator.Deploy.0 = Release|x86
		{D073A044-2A06-4FFC-BFF4-B7F3F11F2F8D}.Release|x64.ActiveCfg = Release|x64
		{D073A044-2A06-4FFC-BFF4-B7F3F11F2F8D}.Release|x64.Build.0 = Release|x64
		{D073A044-2A06-4FFC-BFF4-B7F3F11F2F8D}.Release|x64.Deploy.0 = Release|x64
		{D073A044-2A06-4FFC-BFF4-B7F3F11F2F8D}.Release|x86.ActiveCfg = Release|x86
		{D073A044-2A06-4FFC-BFF4-B7F3F11F2F8D}.Release|x86.Build.0 = Release|x86
		{D073A044-2A06-4FFC-BFF4-B7F3F11F2F8D}.Release|x86.Deploy.0 = Release|x86
		{1F6105AC-F5D5-41DA-A0A8-F23BAE776E48}.Debug|Any CPU.ActiveCfg = Debug|Any CPU
		{1F6105AC-F5D5-41DA-A0A8-F23BAE776E48}.Debug|Any CPU.Build.0 = Debug|Any CPU
		{1F6105AC-F5D5-41DA-A0A8-F23BAE776E48}.Debug|Any CPU.Deploy.0 = Debug|Any CPU
		{1F6105AC-F5D5-41DA-A0A8-F23BAE776E48}.Debug|ARM.ActiveCfg = Debug|Any CPU
		{1F6105AC-F5D5-41DA-A0A8-F23BAE776E48}.Debug|ARM.Build.0 = Debug|Any CPU
		{1F6105AC-F5D5-41DA-A0A8-F23BAE776E48}.Debug|ARM.Deploy.0 = Debug|Any CPU
		{1F6105AC-F5D5-41DA-A0A8-F23BAE776E48}.Debug|iPhone.ActiveCfg = Debug|Any CPU
		{1F6105AC-F5D5-41DA-A0A8-F23BAE776E48}.Debug|iPhone.Build.0 = Debug|Any CPU
		{1F6105AC-F5D5-41DA-A0A8-F23BAE776E48}.Debug|iPhone.Deploy.0 = Debug|Any CPU
		{1F6105AC-F5D5-41DA-A0A8-F23BAE776E48}.Debug|iPhoneSimulator.ActiveCfg = Debug|Any CPU
		{1F6105AC-F5D5-41DA-A0A8-F23BAE776E48}.Debug|iPhoneSimulator.Build.0 = Debug|Any CPU
		{1F6105AC-F5D5-41DA-A0A8-F23BAE776E48}.Debug|iPhoneSimulator.Deploy.0 = Debug|Any CPU
		{1F6105AC-F5D5-41DA-A0A8-F23BAE776E48}.Debug|x64.ActiveCfg = Debug|Any CPU
		{1F6105AC-F5D5-41DA-A0A8-F23BAE776E48}.Debug|x64.Build.0 = Debug|Any CPU
		{1F6105AC-F5D5-41DA-A0A8-F23BAE776E48}.Debug|x64.Deploy.0 = Debug|Any CPU
		{1F6105AC-F5D5-41DA-A0A8-F23BAE776E48}.Debug|x86.ActiveCfg = Debug|Any CPU
		{1F6105AC-F5D5-41DA-A0A8-F23BAE776E48}.Debug|x86.Build.0 = Debug|Any CPU
		{1F6105AC-F5D5-41DA-A0A8-F23BAE776E48}.Debug|x86.Deploy.0 = Debug|Any CPU
		{1F6105AC-F5D5-41DA-A0A8-F23BAE776E48}.Release|Any CPU.ActiveCfg = Release|Any CPU
		{1F6105AC-F5D5-41DA-A0A8-F23BAE776E48}.Release|Any CPU.Build.0 = Release|Any CPU
		{1F6105AC-F5D5-41DA-A0A8-F23BAE776E48}.Release|Any CPU.Deploy.0 = Release|Any CPU
		{1F6105AC-F5D5-41DA-A0A8-F23BAE776E48}.Release|ARM.ActiveCfg = Release|Any CPU
		{1F6105AC-F5D5-41DA-A0A8-F23BAE776E48}.Release|ARM.Build.0 = Release|Any CPU
		{1F6105AC-F5D5-41DA-A0A8-F23BAE776E48}.Release|ARM.Deploy.0 = Release|Any CPU
		{1F6105AC-F5D5-41DA-A0A8-F23BAE776E48}.Release|iPhone.ActiveCfg = Release|Any CPU
		{1F6105AC-F5D5-41DA-A0A8-F23BAE776E48}.Release|iPhone.Build.0 = Release|Any CPU
		{1F6105AC-F5D5-41DA-A0A8-F23BAE776E48}.Release|iPhone.Deploy.0 = Release|Any CPU
		{1F6105AC-F5D5-41DA-A0A8-F23BAE776E48}.Release|iPhoneSimulator.ActiveCfg = Release|Any CPU
		{1F6105AC-F5D5-41DA-A0A8-F23BAE776E48}.Release|iPhoneSimulator.Build.0 = Release|Any CPU
		{1F6105AC-F5D5-41DA-A0A8-F23BAE776E48}.Release|iPhoneSimulator.Deploy.0 = Release|Any CPU
		{1F6105AC-F5D5-41DA-A0A8-F23BAE776E48}.Release|x64.ActiveCfg = Release|Any CPU
		{1F6105AC-F5D5-41DA-A0A8-F23BAE776E48}.Release|x64.Build.0 = Release|Any CPU
		{1F6105AC-F5D5-41DA-A0A8-F23BAE776E48}.Release|x64.Deploy.0 = Release|Any CPU
		{1F6105AC-F5D5-41DA-A0A8-F23BAE776E48}.Release|x86.ActiveCfg = Release|Any CPU
		{1F6105AC-F5D5-41DA-A0A8-F23BAE776E48}.Release|x86.Build.0 = Release|Any CPU
		{1F6105AC-F5D5-41DA-A0A8-F23BAE776E48}.Release|x86.Deploy.0 = Release|Any CPU
		{C5FD5579-22DF-4ED8-886B-B3852031F8FD}.Debug|Any CPU.ActiveCfg = Debug|iPhone
		{C5FD5579-22DF-4ED8-886B-B3852031F8FD}.Debug|Any CPU.Build.0 = Debug|iPhone
		{C5FD5579-22DF-4ED8-886B-B3852031F8FD}.Debug|Any CPU.Deploy.0 = Debug|iPhone
		{C5FD5579-22DF-4ED8-886B-B3852031F8FD}.Debug|ARM.ActiveCfg = Debug|iPhone
		{C5FD5579-22DF-4ED8-886B-B3852031F8FD}.Debug|ARM.Build.0 = Debug|iPhone
		{C5FD5579-22DF-4ED8-886B-B3852031F8FD}.Debug|ARM.Deploy.0 = Debug|iPhone
		{C5FD5579-22DF-4ED8-886B-B3852031F8FD}.Debug|iPhone.ActiveCfg = Debug|iPhone
		{C5FD5579-22DF-4ED8-886B-B3852031F8FD}.Debug|iPhone.Build.0 = Debug|iPhone
		{C5FD5579-22DF-4ED8-886B-B3852031F8FD}.Debug|iPhone.Deploy.0 = Debug|iPhone
		{C5FD5579-22DF-4ED8-886B-B3852031F8FD}.Debug|iPhoneSimulator.ActiveCfg = Debug|iPhoneSimulator
		{C5FD5579-22DF-4ED8-886B-B3852031F8FD}.Debug|iPhoneSimulator.Build.0 = Debug|iPhoneSimulator
		{C5FD5579-22DF-4ED8-886B-B3852031F8FD}.Debug|iPhoneSimulator.Deploy.0 = Debug|iPhoneSimulator
		{C5FD5579-22DF-4ED8-886B-B3852031F8FD}.Debug|x64.ActiveCfg = Debug|iPhone
		{C5FD5579-22DF-4ED8-886B-B3852031F8FD}.Debug|x64.Build.0 = Debug|iPhone
		{C5FD5579-22DF-4ED8-886B-B3852031F8FD}.Debug|x64.Deploy.0 = Debug|iPhone
		{C5FD5579-22DF-4ED8-886B-B3852031F8FD}.Debug|x86.ActiveCfg = Debug|iPhone
		{C5FD5579-22DF-4ED8-886B-B3852031F8FD}.Debug|x86.Build.0 = Debug|iPhone
		{C5FD5579-22DF-4ED8-886B-B3852031F8FD}.Debug|x86.Deploy.0 = Debug|iPhone
		{C5FD5579-22DF-4ED8-886B-B3852031F8FD}.Release|Any CPU.ActiveCfg = Release|iPhone
		{C5FD5579-22DF-4ED8-886B-B3852031F8FD}.Release|Any CPU.Build.0 = Release|iPhone
		{C5FD5579-22DF-4ED8-886B-B3852031F8FD}.Release|Any CPU.Deploy.0 = Release|iPhone
		{C5FD5579-22DF-4ED8-886B-B3852031F8FD}.Release|ARM.ActiveCfg = Release|iPhone
		{C5FD5579-22DF-4ED8-886B-B3852031F8FD}.Release|ARM.Build.0 = Release|iPhone
		{C5FD5579-22DF-4ED8-886B-B3852031F8FD}.Release|ARM.Deploy.0 = Release|iPhone
		{C5FD5579-22DF-4ED8-886B-B3852031F8FD}.Release|iPhone.ActiveCfg = Release|iPhone
		{C5FD5579-22DF-4ED8-886B-B3852031F8FD}.Release|iPhone.Build.0 = Release|iPhone
		{C5FD5579-22DF-4ED8-886B-B3852031F8FD}.Release|iPhone.Deploy.0 = Release|iPhone
		{C5FD5579-22DF-4ED8-886B-B3852031F8FD}.Release|iPhoneSimulator.ActiveCfg = Release|iPhoneSimulator
		{C5FD5579-22DF-4ED8-886B-B3852031F8FD}.Release|iPhoneSimulator.Build.0 = Release|iPhoneSimulator
		{C5FD5579-22DF-4ED8-886B-B3852031F8FD}.Release|iPhoneSimulator.Deploy.0 = Release|iPhoneSimulator
		{C5FD5579-22DF-4ED8-886B-B3852031F8FD}.Release|x64.ActiveCfg = Release|iPhone
		{C5FD5579-22DF-4ED8-886B-B3852031F8FD}.Release|x64.Build.0 = Release|iPhone
		{C5FD5579-22DF-4ED8-886B-B3852031F8FD}.Release|x64.Deploy.0 = Release|iPhone
		{C5FD5579-22DF-4ED8-886B-B3852031F8FD}.Release|x86.ActiveCfg = Release|iPhone
		{C5FD5579-22DF-4ED8-886B-B3852031F8FD}.Release|x86.Build.0 = Release|iPhone
		{C5FD5579-22DF-4ED8-886B-B3852031F8FD}.Release|x86.Deploy.0 = Release|iPhone
		{EF9CD4A8-F316-4763-AA2D-4EEDFFF77DC8}.Debug|Any CPU.ActiveCfg = Debug|Any CPU
		{EF9CD4A8-F316-4763-AA2D-4EEDFFF77DC8}.Debug|Any CPU.Build.0 = Debug|Any CPU
		{EF9CD4A8-F316-4763-AA2D-4EEDFFF77DC8}.Debug|Any CPU.Deploy.0 = Debug|Any CPU
		{EF9CD4A8-F316-4763-AA2D-4EEDFFF77DC8}.Debug|ARM.ActiveCfg = Debug|Any CPU
		{EF9CD4A8-F316-4763-AA2D-4EEDFFF77DC8}.Debug|ARM.Build.0 = Debug|Any CPU
		{EF9CD4A8-F316-4763-AA2D-4EEDFFF77DC8}.Debug|ARM.Deploy.0 = Debug|Any CPU
		{EF9CD4A8-F316-4763-AA2D-4EEDFFF77DC8}.Debug|iPhone.ActiveCfg = Debug|Any CPU
		{EF9CD4A8-F316-4763-AA2D-4EEDFFF77DC8}.Debug|iPhone.Build.0 = Debug|Any CPU
		{EF9CD4A8-F316-4763-AA2D-4EEDFFF77DC8}.Debug|iPhone.Deploy.0 = Debug|Any CPU
		{EF9CD4A8-F316-4763-AA2D-4EEDFFF77DC8}.Debug|iPhoneSimulator.ActiveCfg = Debug|Any CPU
		{EF9CD4A8-F316-4763-AA2D-4EEDFFF77DC8}.Debug|iPhoneSimulator.Build.0 = Debug|Any CPU
		{EF9CD4A8-F316-4763-AA2D-4EEDFFF77DC8}.Debug|iPhoneSimulator.Deploy.0 = Debug|Any CPU
		{EF9CD4A8-F316-4763-AA2D-4EEDFFF77DC8}.Debug|x64.ActiveCfg = Debug|Any CPU
		{EF9CD4A8-F316-4763-AA2D-4EEDFFF77DC8}.Debug|x64.Build.0 = Debug|Any CPU
		{EF9CD4A8-F316-4763-AA2D-4EEDFFF77DC8}.Debug|x64.Deploy.0 = Debug|Any CPU
		{EF9CD4A8-F316-4763-AA2D-4EEDFFF77DC8}.Debug|x86.ActiveCfg = Debug|Any CPU
		{EF9CD4A8-F316-4763-AA2D-4EEDFFF77DC8}.Debug|x86.Build.0 = Debug|Any CPU
		{EF9CD4A8-F316-4763-AA2D-4EEDFFF77DC8}.Debug|x86.Deploy.0 = Debug|Any CPU
		{EF9CD4A8-F316-4763-AA2D-4EEDFFF77DC8}.Release|Any CPU.ActiveCfg = Release|Any CPU
		{EF9CD4A8-F316-4763-AA2D-4EEDFFF77DC8}.Release|Any CPU.Build.0 = Release|Any CPU
		{EF9CD4A8-F316-4763-AA2D-4EEDFFF77DC8}.Release|Any CPU.Deploy.0 = Release|Any CPU
		{EF9CD4A8-F316-4763-AA2D-4EEDFFF77DC8}.Release|ARM.ActiveCfg = Release|Any CPU
		{EF9CD4A8-F316-4763-AA2D-4EEDFFF77DC8}.Release|ARM.Build.0 = Release|Any CPU
		{EF9CD4A8-F316-4763-AA2D-4EEDFFF77DC8}.Release|ARM.Deploy.0 = Release|Any CPU
		{EF9CD4A8-F316-4763-AA2D-4EEDFFF77DC8}.Release|iPhone.ActiveCfg = Release|Any CPU
		{EF9CD4A8-F316-4763-AA2D-4EEDFFF77DC8}.Release|iPhone.Build.0 = Release|Any CPU
		{EF9CD4A8-F316-4763-AA2D-4EEDFFF77DC8}.Release|iPhone.Deploy.0 = Release|Any CPU
		{EF9CD4A8-F316-4763-AA2D-4EEDFFF77DC8}.Release|iPhoneSimulator.ActiveCfg = Release|Any CPU
		{EF9CD4A8-F316-4763-AA2D-4EEDFFF77DC8}.Release|iPhoneSimulator.Build.0 = Release|Any CPU
		{EF9CD4A8-F316-4763-AA2D-4EEDFFF77DC8}.Release|iPhoneSimulator.Deploy.0 = Release|Any CPU
		{EF9CD4A8-F316-4763-AA2D-4EEDFFF77DC8}.Release|x64.ActiveCfg = Release|Any CPU
		{EF9CD4A8-F316-4763-AA2D-4EEDFFF77DC8}.Release|x64.Build.0 = Release|Any CPU
		{EF9CD4A8-F316-4763-AA2D-4EEDFFF77DC8}.Release|x64.Deploy.0 = Release|Any CPU
		{EF9CD4A8-F316-4763-AA2D-4EEDFFF77DC8}.Release|x86.ActiveCfg = Release|Any CPU
		{EF9CD4A8-F316-4763-AA2D-4EEDFFF77DC8}.Release|x86.Build.0 = Release|Any CPU
		{EF9CD4A8-F316-4763-AA2D-4EEDFFF77DC8}.Release|x86.Deploy.0 = Release|Any CPU
	EndGlobalSection
	GlobalSection(SolutionProperties) = preSolution
		HideSolutionNode = FALSE
	EndGlobalSection
	GlobalSection(ExtensibilityGlobals) = postSolution
		SolutionGuid = {53404DDC-68C7-453E-9037-B6A3EDC28749}
	EndGlobalSection
EndGlobal
